// !$*UTF8*$!
{
	archiveVersion = 1;
	classes = {
	};
	objectVersion = 48;
	objects = {

/* Begin PBXBuildFile section */
		24148D8C208F196E0015E374 /* HttpHelperDemo.swift in Sources */ = {isa = PBXBuildFile; fileRef = 24148D87208F196E0015E374 /* HttpHelperDemo.swift */; };
		24148D8D208F196E0015E374 /* JsonHelper.swift in Sources */ = {isa = PBXBuildFile; fileRef = 24148D88208F196E0015E374 /* JsonHelper.swift */; };
		24148D8E208F196E0015E374 /* Person.swift in Sources */ = {isa = PBXBuildFile; fileRef = 24148D89208F196E0015E374 /* Person.swift */; };
		24148D8F208F196E0015E374 /* ImageHelper.swift in Sources */ = {isa = PBXBuildFile; fileRef = 24148D8A208F196E0015E374 /* ImageHelper.swift */; };
		24148D90208F196E0015E374 /* HttpHelper.swift in Sources */ = {isa = PBXBuildFile; fileRef = 24148D8B208F196E0015E374 /* HttpHelper.swift */; };
		24148D9A208F1B500015E374 /* ImageLoader.framework in Frameworks */ = {isa = PBXBuildFile; fileRef = 24148D97208F1B3D0015E374 /* ImageLoader.framework */; };
		24148D9B208F1B500015E374 /* ImageLoader.framework in Embed Frameworks */ = {isa = PBXBuildFile; fileRef = 24148D97208F1B3D0015E374 /* ImageLoader.framework */; settings = {ATTRIBUTES = (CodeSignOnCopy, RemoveHeadersOnCopy, ); }; };
		24148DA1208F2D570015E374 /* UIImageView.swift in Sources */ = {isa = PBXBuildFile; fileRef = 24148DA0208F2D570015E374 /* UIImageView.swift */; };
		2426CA222086633100EDC2A0 /* MineViewController.swift in Sources */ = {isa = PBXBuildFile; fileRef = 2426CA202086633100EDC2A0 /* MineViewController.swift */; };
		2429D5F4208848B10031872F /* LoginViewController.swift in Sources */ = {isa = PBXBuildFile; fileRef = 2429D5F2208848B10031872F /* LoginViewController.swift */; };
		2429D5F5208848B10031872F /* LoginViewController.xib in Resources */ = {isa = PBXBuildFile; fileRef = 2429D5F3208848B10031872F /* LoginViewController.xib */; };
		243CEEDD20874772007650FB /* MainViewController.swift in Sources */ = {isa = PBXBuildFile; fileRef = 243CEEDC20874772007650FB /* MainViewController.swift */; };
		243CEEEB20874BAD007650FB /* MyTableViewController.swift in Sources */ = {isa = PBXBuildFile; fileRef = 243CEEE120874BAD007650FB /* MyTableViewController.swift */; };
		243CEEEC20874BAD007650FB /* GIFAnimatedImageView.swift in Sources */ = {isa = PBXBuildFile; fileRef = 243CEEE220874BAD007650FB /* GIFAnimatedImageView.swift */; };
		243CEEED20874BAD007650FB /* GifImagesHeaderFooter.swift in Sources */ = {isa = PBXBuildFile; fileRef = 243CEEE320874BAD007650FB /* GifImagesHeaderFooter.swift */; };
		243CEEEE20874BAD007650FB /* GifHeaderFooter.swift in Sources */ = {isa = PBXBuildFile; fileRef = 243CEEE420874BAD007650FB /* GifHeaderFooter.swift */; };
		243CEEEF20874BAD007650FB /* GifTextHeaderFooter.swift in Sources */ = {isa = PBXBuildFile; fileRef = 243CEEE520874BAD007650FB /* GifTextHeaderFooter.swift */; };
		243CEEF020874BAD007650FB /* TextHeaderFooter.swift in Sources */ = {isa = PBXBuildFile; fileRef = 243CEEE620874BAD007650FB /* TextHeaderFooter.swift */; };
		243CEEF120874BAD007650FB /* AccessoryView.swift in Sources */ = {isa = PBXBuildFile; fileRef = 243CEEE720874BAD007650FB /* AccessoryView.swift */; };
		243CEEF220874BAD007650FB /* RefreshView.swift in Sources */ = {isa = PBXBuildFile; fileRef = 243CEEE820874BAD007650FB /* RefreshView.swift */; };
		243CEEF320874BAD007650FB /* UIScrollView+SYRefresh.swift in Sources */ = {isa = PBXBuildFile; fileRef = 243CEEE920874BAD007650FB /* UIScrollView+SYRefresh.swift */; };
		243CEEF420874BAD007650FB /* CoreTextHeaderFooter.swift in Sources */ = {isa = PBXBuildFile; fileRef = 243CEEEA20874BAD007650FB /* CoreTextHeaderFooter.swift */; };
		243CEEFB20874C94007650FB /* StatusCellBottomView.swift in Sources */ = {isa = PBXBuildFile; fileRef = 243CEEF820874C94007650FB /* StatusCellBottomView.swift */; };
		243CEEFC20874C94007650FB /* StatusCellTopView.swift in Sources */ = {isa = PBXBuildFile; fileRef = 243CEEF920874C94007650FB /* StatusCellTopView.swift */; };
		243CEEFD20874C94007650FB /* StatusCell.swift in Sources */ = {isa = PBXBuildFile; fileRef = 243CEEFA20874C94007650FB /* StatusCell.swift */; };
		243CEEFF20874D1A007650FB /* Status.swift in Sources */ = {isa = PBXBuildFile; fileRef = 243CEEFE20874D1A007650FB /* Status.swift */; };
		243CEF0120874D54007650FB /* StatusViewModel.swift in Sources */ = {isa = PBXBuildFile; fileRef = 243CEF0020874D54007650FB /* StatusViewModel.swift */; };
		2441DBB02084997800AFFCC1 /* AppDelegate.swift in Sources */ = {isa = PBXBuildFile; fileRef = 2441DBAF2084997800AFFCC1 /* AppDelegate.swift */; };
		2441DBB72084997800AFFCC1 /* Assets.xcassets in Resources */ = {isa = PBXBuildFile; fileRef = 2441DBB62084997800AFFCC1 /* Assets.xcassets */; };
		2494CAB82090561A00FD0125 /* SpoorTableViewCell.swift in Sources */ = {isa = PBXBuildFile; fileRef = 2494CAB62090561A00FD0125 /* SpoorTableViewCell.swift */; };
		249B0CEA2089C4EB001DD0DF /* DisclaimerViewController.swift in Sources */ = {isa = PBXBuildFile; fileRef = 249B0CE82089C4EB001DD0DF /* DisclaimerViewController.swift */; };
		249B0CEB2089C4EB001DD0DF /* DisclaimerViewController.xib in Resources */ = {isa = PBXBuildFile; fileRef = 249B0CE92089C4EB001DD0DF /* DisclaimerViewController.xib */; };
		24BD736A20887BFD00C7ECE4 /* LoginViewModel.swift in Sources */ = {isa = PBXBuildFile; fileRef = 24BD736920887BFD00C7ECE4 /* LoginViewModel.swift */; };
		24BD738820888D8800C7ECE4 /* Toast.swift in Sources */ = {isa = PBXBuildFile; fileRef = 24BD738720888D8800C7ECE4 /* Toast.swift */; };
		24BD738A20888EA800C7ECE4 /* readMe.strings in Resources */ = {isa = PBXBuildFile; fileRef = 24BD738920888EA800C7ECE4 /* readMe.strings */; };
		24BD738D208899E900C7ECE4 /* NetworkUtil.swift in Sources */ = {isa = PBXBuildFile; fileRef = 24BD738C208899E900C7ECE4 /* NetworkUtil.swift */; };
		24C1069B20882BF9007D7E93 /* MineViewController.xib in Resources */ = {isa = PBXBuildFile; fileRef = 24C1069A20882BF9007D7E93 /* MineViewController.xib */; };
		24C106A82088373B007D7E93 /* UserEntity.swift in Sources */ = {isa = PBXBuildFile; fileRef = 24C106A72088373B007D7E93 /* UserEntity.swift */; };
		24C106CE208838DF007D7E93 /* HandyJSON.framework in Frameworks */ = {isa = PBXBuildFile; fileRef = 24C106BA20883876007D7E93 /* HandyJSON.framework */; };
		24C106CF208838DF007D7E93 /* HandyJSON.framework in Embed Frameworks */ = {isa = PBXBuildFile; fileRef = 24C106BA20883876007D7E93 /* HandyJSON.framework */; settings = {ATTRIBUTES = (CodeSignOnCopy, RemoveHeadersOnCopy, ); }; };
		24C152AF208D792D005966C3 /* HomeTableViewController.swift in Sources */ = {isa = PBXBuildFile; fileRef = 24C152AD208D792D005966C3 /* HomeTableViewController.swift */; };
		24C1ADA320916FFD00D8A283 /* UserAbstractView.swift in Sources */ = {isa = PBXBuildFile; fileRef = 24C1ADA220916FFD00D8A283 /* UserAbstractView.swift */; };
		24C1ADA52091A34B00D8A283 /* SpoorEntity.swift in Sources */ = {isa = PBXBuildFile; fileRef = 24C1ADA42091A34B00D8A283 /* SpoorEntity.swift */; };
		24C1ADA82091AD7A00D8A283 /* SooprTopView.swift in Sources */ = {isa = PBXBuildFile; fileRef = 24C1ADA72091AD7A00D8A283 /* SooprTopView.swift */; };
		24C1ADAA2091BE6C00D8A283 /* SpoorBottomView.swift in Sources */ = {isa = PBXBuildFile; fileRef = 24C1ADA92091BE6C00D8A283 /* SpoorBottomView.swift */; };
		24C38815208DB20500378114 /* HomeTableViewCell.swift in Sources */ = {isa = PBXBuildFile; fileRef = 24C38813208DB20500378114 /* HomeTableViewCell.swift */; };
		24CBFA332089E109000C29A3 /* FindPwdViewController.swift in Sources */ = {isa = PBXBuildFile; fileRef = 24CBFA312089E109000C29A3 /* FindPwdViewController.swift */; };
		24CBFA342089E109000C29A3 /* FindPwdViewController.xib in Resources */ = {isa = PBXBuildFile; fileRef = 24CBFA322089E109000C29A3 /* FindPwdViewController.xib */; };
		24EE7C3F2084FFAA00CE23B0 /* WelcomeViewController.swift in Sources */ = {isa = PBXBuildFile; fileRef = 24EE7C3E2084FFAA00CE23B0 /* WelcomeViewController.swift */; };
		24F0BF762089920700D744C6 /* RegisterViewController.swift in Sources */ = {isa = PBXBuildFile; fileRef = 24F0BF742089920700D744C6 /* RegisterViewController.swift */; };
		24F0BF772089920700D744C6 /* RegisterViewController.xib in Resources */ = {isa = PBXBuildFile; fileRef = 24F0BF752089920700D744C6 /* RegisterViewController.xib */; };
		24F2D8712085A06B0025E6B5 /* NewVersionViewController.swift in Sources */ = {isa = PBXBuildFile; fileRef = 24F2D8702085A06B0025E6B5 /* NewVersionViewController.swift */; };
		24F2D8792085A5630025E6B5 /* UIButton.swift in Sources */ = {isa = PBXBuildFile; fileRef = 24F2D8782085A5630025E6B5 /* UIButton.swift */; };
		24F2D87B2085A56E0025E6B5 /* UILabel.swift in Sources */ = {isa = PBXBuildFile; fileRef = 24F2D87A2085A56E0025E6B5 /* UILabel.swift */; };
		24F2D87D2085A5AD0025E6B5 /* Common.swift in Sources */ = {isa = PBXBuildFile; fileRef = 24F2D87C2085A5AD0025E6B5 /* Common.swift */; };
		24F2D8902085E2010025E6B5 /* DiscoverViewController.swift in Sources */ = {isa = PBXBuildFile; fileRef = 24F2D88E2085E2010025E6B5 /* DiscoverViewController.swift */; };
		24F8A97D209013B200B5F600 /* SpoorAddViewController.swift in Sources */ = {isa = PBXBuildFile; fileRef = 24F8A97B209013B200B5F600 /* SpoorAddViewController.swift */; };
		24F8A97E209013B200B5F600 /* SpoorAddViewController.xib in Resources */ = {isa = PBXBuildFile; fileRef = 24F8A97C209013B200B5F600 /* SpoorAddViewController.xib */; };
		24F8A981209013E800B5F600 /* SpoorTableViewController.swift in Sources */ = {isa = PBXBuildFile; fileRef = 24F8A97F209013E800B5F600 /* SpoorTableViewController.swift */; };
		24F8A99420902A9B00B5F600 /* SnapKit.framework in Frameworks */ = {isa = PBXBuildFile; fileRef = 24DE11B1208EC9BC00A4902F /* SnapKit.framework */; };
		24F8A99520902A9B00B5F600 /* SnapKit.framework in Embed Frameworks */ = {isa = PBXBuildFile; fileRef = 24DE11B1208EC9BC00A4902F /* SnapKit.framework */; settings = {ATTRIBUTES = (CodeSignOnCopy, RemoveHeadersOnCopy, ); }; };
/* End PBXBuildFile section */

/* Begin PBXContainerItemProxy section */
		24148D96208F1B3D0015E374 /* PBXContainerItemProxy */ = {
			isa = PBXContainerItemProxy;
			containerPortal = 24148D91208F1B3D0015E374 /* ImageLoader.xcodeproj */;
			proxyType = 2;
			remoteGlobalIDString = 65B2CF1119EF9F6600DA3605;
			remoteInfo = ImageLoader;
		};
		24148D98208F1B3D0015E374 /* PBXContainerItemProxy */ = {
			isa = PBXContainerItemProxy;
			containerPortal = 24148D91208F1B3D0015E374 /* ImageLoader.xcodeproj */;
			proxyType = 2;
			remoteGlobalIDString = 65B2CF1C19EF9F6600DA3605;
			remoteInfo = ImageLoaderTests;
		};
		24148D9C208F1B500015E374 /* PBXContainerItemProxy */ = {
			isa = PBXContainerItemProxy;
			containerPortal = 24148D91208F1B3D0015E374 /* ImageLoader.xcodeproj */;
			proxyType = 1;
			remoteGlobalIDString = 65B2CF1019EF9F6600DA3605;
			remoteInfo = ImageLoader;
		};
		24C106B920883876007D7E93 /* PBXContainerItemProxy */ = {
			isa = PBXContainerItemProxy;
			containerPortal = 24C106AE20883875007D7E93 /* HandyJSON.xcodeproj */;
			proxyType = 2;
			remoteGlobalIDString = 21520C441D3341B200F53111;
			remoteInfo = "HandyJSON iOS";
		};
		24C106BB20883876007D7E93 /* PBXContainerItemProxy */ = {
			isa = PBXContainerItemProxy;
			containerPortal = 24C106AE20883875007D7E93 /* HandyJSON.xcodeproj */;
			proxyType = 2;
			remoteGlobalIDString = 21520C5B1D3344A900F53111;
			remoteInfo = HandyJSONDemo;
		};
		24C106BD20883876007D7E93 /* PBXContainerItemProxy */ = {
			isa = PBXContainerItemProxy;
			containerPortal = 24C106AE20883875007D7E93 /* HandyJSON.xcodeproj */;
			proxyType = 2;
			remoteGlobalIDString = 217B046D1D571B9F0035A8E2;
			remoteInfo = "HandyJSON iOS Tests";
		};
		24C106BF20883876007D7E93 /* PBXContainerItemProxy */ = {
			isa = PBXContainerItemProxy;
			containerPortal = 24C106AE20883875007D7E93 /* HandyJSON.xcodeproj */;
			proxyType = 2;
			remoteGlobalIDString = 393E0F9B1DA1650E00B3BC12;
			remoteInfo = "HandyJSON watchOS";
		};
		24C106C120883876007D7E93 /* PBXContainerItemProxy */ = {
			isa = PBXContainerItemProxy;
			containerPortal = 24C106AE20883875007D7E93 /* HandyJSON.xcodeproj */;
			proxyType = 2;
			remoteGlobalIDString = 393E0FB11DA2441E00B3BC12;
			remoteInfo = "HandyJSON tvOS";
		};
		24C106C320883876007D7E93 /* PBXContainerItemProxy */ = {
			isa = PBXContainerItemProxy;
			containerPortal = 24C106AE20883875007D7E93 /* HandyJSON.xcodeproj */;
			proxyType = 2;
			remoteGlobalIDString = 393E0FB91DA2441E00B3BC12;
			remoteInfo = "HandyJSON tvOS Tests";
		};
		24C106C520883876007D7E93 /* PBXContainerItemProxy */ = {
			isa = PBXContainerItemProxy;
			containerPortal = 24C106AE20883875007D7E93 /* HandyJSON.xcodeproj */;
			proxyType = 2;
			remoteGlobalIDString = 393E0FE11DA2494F00B3BC12;
			remoteInfo = "HandyJSON macOS";
		};
		24C106C720883876007D7E93 /* PBXContainerItemProxy */ = {
			isa = PBXContainerItemProxy;
			containerPortal = 24C106AE20883875007D7E93 /* HandyJSON.xcodeproj */;
			proxyType = 2;
			remoteGlobalIDString = 393E0FE91DA2494F00B3BC12;
			remoteInfo = "HandyJSON macOS Tests";
		};
		24C106D0208838DF007D7E93 /* PBXContainerItemProxy */ = {
			isa = PBXContainerItemProxy;
			containerPortal = 24C106AE20883875007D7E93 /* HandyJSON.xcodeproj */;
			proxyType = 1;
			remoteGlobalIDString = 21520C431D3341B200F53111;
			remoteInfo = "HandyJSON iOS";
		};
		24DE11B0208EC9BC00A4902F /* PBXContainerItemProxy */ = {
			isa = PBXContainerItemProxy;
			containerPortal = 24DE11A4208EC9BC00A4902F /* SnapKit.xcodeproj */;
			proxyType = 2;
			remoteGlobalIDString = EEBCC9D819CC627D0083B827;
			remoteInfo = SnapKit;
		};
		24DE11B2208EC9BC00A4902F /* PBXContainerItemProxy */ = {
			isa = PBXContainerItemProxy;
			containerPortal = 24DE11A4208EC9BC00A4902F /* SnapKit.xcodeproj */;
			proxyType = 2;
			remoteGlobalIDString = EEBCC9E219CC627E0083B827;
			remoteInfo = "SnapKit Tests";
		};
		24F8A98C209029A800B5F600 /* PBXContainerItemProxy */ = {
			isa = PBXContainerItemProxy;
			containerPortal = 24F8A987209029A800B5F600 /* NextGrowingTextView.xcodeproj */;
			proxyType = 2;
			remoteGlobalIDString = 4BDB87E51DC0423F00E70D5B;
			remoteInfo = NextGrowingTextView;
		};
		24F8A98E209029A800B5F600 /* PBXContainerItemProxy */ = {
			isa = PBXContainerItemProxy;
			containerPortal = 24F8A987209029A800B5F600 /* NextGrowingTextView.xcodeproj */;
			proxyType = 2;
			remoteGlobalIDString = 4BDB87F81DC0426A00E70D5B;
			remoteInfo = Demo;
		};
		24F8A99620902A9B00B5F600 /* PBXContainerItemProxy */ = {
			isa = PBXContainerItemProxy;
			containerPortal = 24DE11A4208EC9BC00A4902F /* SnapKit.xcodeproj */;
			proxyType = 1;
			remoteGlobalIDString = EEBCC9D719CC627D0083B827;
			remoteInfo = SnapKit;
		};
/* End PBXContainerItemProxy section */

/* Begin PBXCopyFilesBuildPhase section */
		24C106D2208838DF007D7E93 /* Embed Frameworks */ = {
			isa = PBXCopyFilesBuildPhase;
			buildActionMask = 2147483647;
			dstPath = "";
			dstSubfolderSpec = 10;
			files = (
				24148D9B208F1B500015E374 /* ImageLoader.framework in Embed Frameworks */,
				24C106CF208838DF007D7E93 /* HandyJSON.framework in Embed Frameworks */,
				24F8A99520902A9B00B5F600 /* SnapKit.framework in Embed Frameworks */,
			);
			name = "Embed Frameworks";
			runOnlyForDeploymentPostprocessing = 0;
		};
/* End PBXCopyFilesBuildPhase section */

/* Begin PBXFileReference section */
		24148D87208F196E0015E374 /* HttpHelperDemo.swift */ = {isa = PBXFileReference; fileEncoding = 4; lastKnownFileType = sourcecode.swift; path = HttpHelperDemo.swift; sourceTree = "<group>"; };
		24148D88208F196E0015E374 /* JsonHelper.swift */ = {isa = PBXFileReference; fileEncoding = 4; lastKnownFileType = sourcecode.swift; path = JsonHelper.swift; sourceTree = "<group>"; };
		24148D89208F196E0015E374 /* Person.swift */ = {isa = PBXFileReference; fileEncoding = 4; lastKnownFileType = sourcecode.swift; path = Person.swift; sourceTree = "<group>"; };
		24148D8A208F196E0015E374 /* ImageHelper.swift */ = {isa = PBXFileReference; fileEncoding = 4; lastKnownFileType = sourcecode.swift; path = ImageHelper.swift; sourceTree = "<group>"; };
		24148D8B208F196E0015E374 /* HttpHelper.swift */ = {isa = PBXFileReference; fileEncoding = 4; lastKnownFileType = sourcecode.swift; path = HttpHelper.swift; sourceTree = "<group>"; };
		24148D91208F1B3D0015E374 /* ImageLoader.xcodeproj */ = {isa = PBXFileReference; lastKnownFileType = "wrapper.pb-project"; name = ImageLoader.xcodeproj; path = "../../../../plugins/ImageLoaderSwift-master/ImageLoader.xcodeproj"; sourceTree = "<group>"; };
		24148DA0208F2D570015E374 /* UIImageView.swift */ = {isa = PBXFileReference; lastKnownFileType = sourcecode.swift; path = UIImageView.swift; sourceTree = "<group>"; };
		2426CA202086633100EDC2A0 /* MineViewController.swift */ = {isa = PBXFileReference; lastKnownFileType = sourcecode.swift; path = MineViewController.swift; sourceTree = "<group>"; };
		2429D5F2208848B10031872F /* LoginViewController.swift */ = {isa = PBXFileReference; lastKnownFileType = sourcecode.swift; path = LoginViewController.swift; sourceTree = "<group>"; };
		2429D5F3208848B10031872F /* LoginViewController.xib */ = {isa = PBXFileReference; lastKnownFileType = file.xib; path = LoginViewController.xib; sourceTree = "<group>"; };
		243CEEDC20874772007650FB /* MainViewController.swift */ = {isa = PBXFileReference; fileEncoding = 4; lastKnownFileType = sourcecode.swift; path = MainViewController.swift; sourceTree = "<group>"; };
		243CEEE120874BAD007650FB /* MyTableViewController.swift */ = {isa = PBXFileReference; fileEncoding = 4; lastKnownFileType = sourcecode.swift; path = MyTableViewController.swift; sourceTree = "<group>"; };
		243CEEE220874BAD007650FB /* GIFAnimatedImageView.swift */ = {isa = PBXFileReference; fileEncoding = 4; lastKnownFileType = sourcecode.swift; path = GIFAnimatedImageView.swift; sourceTree = "<group>"; };
		243CEEE320874BAD007650FB /* GifImagesHeaderFooter.swift */ = {isa = PBXFileReference; fileEncoding = 4; lastKnownFileType = sourcecode.swift; path = GifImagesHeaderFooter.swift; sourceTree = "<group>"; };
		243CEEE420874BAD007650FB /* GifHeaderFooter.swift */ = {isa = PBXFileReference; fileEncoding = 4; lastKnownFileType = sourcecode.swift; path = GifHeaderFooter.swift; sourceTree = "<group>"; };
		243CEEE520874BAD007650FB /* GifTextHeaderFooter.swift */ = {isa = PBXFileReference; fileEncoding = 4; lastKnownFileType = sourcecode.swift; path = GifTextHeaderFooter.swift; sourceTree = "<group>"; };
		243CEEE620874BAD007650FB /* TextHeaderFooter.swift */ = {isa = PBXFileReference; fileEncoding = 4; lastKnownFileType = sourcecode.swift; path = TextHeaderFooter.swift; sourceTree = "<group>"; };
		243CEEE720874BAD007650FB /* AccessoryView.swift */ = {isa = PBXFileReference; fileEncoding = 4; lastKnownFileType = sourcecode.swift; path = AccessoryView.swift; sourceTree = "<group>"; };
		243CEEE820874BAD007650FB /* RefreshView.swift */ = {isa = PBXFileReference; fileEncoding = 4; lastKnownFileType = sourcecode.swift; path = RefreshView.swift; sourceTree = "<group>"; };
		243CEEE920874BAD007650FB /* UIScrollView+SYRefresh.swift */ = {isa = PBXFileReference; fileEncoding = 4; lastKnownFileType = sourcecode.swift; path = "UIScrollView+SYRefresh.swift"; sourceTree = "<group>"; };
		243CEEEA20874BAD007650FB /* CoreTextHeaderFooter.swift */ = {isa = PBXFileReference; fileEncoding = 4; lastKnownFileType = sourcecode.swift; path = CoreTextHeaderFooter.swift; sourceTree = "<group>"; };
		243CEEF820874C94007650FB /* StatusCellBottomView.swift */ = {isa = PBXFileReference; fileEncoding = 4; lastKnownFileType = sourcecode.swift; path = StatusCellBottomView.swift; sourceTree = "<group>"; };
		243CEEF920874C94007650FB /* StatusCellTopView.swift */ = {isa = PBXFileReference; fileEncoding = 4; lastKnownFileType = sourcecode.swift; path = StatusCellTopView.swift; sourceTree = "<group>"; };
		243CEEFA20874C94007650FB /* StatusCell.swift */ = {isa = PBXFileReference; fileEncoding = 4; lastKnownFileType = sourcecode.swift; path = StatusCell.swift; sourceTree = "<group>"; };
		243CEEFE20874D1A007650FB /* Status.swift */ = {isa = PBXFileReference; fileEncoding = 4; lastKnownFileType = sourcecode.swift; name = Status.swift; path = funny/Classes/Status.swift; sourceTree = SOURCE_ROOT; };
		243CEF0020874D54007650FB /* StatusViewModel.swift */ = {isa = PBXFileReference; fileEncoding = 4; lastKnownFileType = sourcecode.swift; path = StatusViewModel.swift; sourceTree = "<group>"; };
		2441DBAC2084997800AFFCC1 /* funny.app */ = {isa = PBXFileReference; explicitFileType = wrapper.application; includeInIndex = 0; path = funny.app; sourceTree = BUILT_PRODUCTS_DIR; };
		2441DBAF2084997800AFFCC1 /* AppDelegate.swift */ = {isa = PBXFileReference; lastKnownFileType = sourcecode.swift; path = AppDelegate.swift; sourceTree = "<group>"; };
		2441DBB62084997800AFFCC1 /* Assets.xcassets */ = {isa = PBXFileReference; lastKnownFileType = folder.assetcatalog; path = Assets.xcassets; sourceTree = "<group>"; };
		2441DBBB2084997800AFFCC1 /* Info.plist */ = {isa = PBXFileReference; lastKnownFileType = text.plist.xml; path = Info.plist; sourceTree = "<group>"; };
		2494CAB62090561A00FD0125 /* SpoorTableViewCell.swift */ = {isa = PBXFileReference; lastKnownFileType = sourcecode.swift; path = SpoorTableViewCell.swift; sourceTree = "<group>"; };
		249B0CE82089C4EB001DD0DF /* DisclaimerViewController.swift */ = {isa = PBXFileReference; lastKnownFileType = sourcecode.swift; path = DisclaimerViewController.swift; sourceTree = "<group>"; };
		249B0CE92089C4EB001DD0DF /* DisclaimerViewController.xib */ = {isa = PBXFileReference; lastKnownFileType = file.xib; path = DisclaimerViewController.xib; sourceTree = "<group>"; };
		24BD736920887BFD00C7ECE4 /* LoginViewModel.swift */ = {isa = PBXFileReference; lastKnownFileType = sourcecode.swift; path = LoginViewModel.swift; sourceTree = "<group>"; };
		24BD738720888D8800C7ECE4 /* Toast.swift */ = {isa = PBXFileReference; lastKnownFileType = sourcecode.swift; path = Toast.swift; sourceTree = "<group>"; };
		24BD738920888EA800C7ECE4 /* readMe.strings */ = {isa = PBXFileReference; lastKnownFileType = text.plist.strings; path = readMe.strings; sourceTree = "<group>"; };
		24BD738C208899E900C7ECE4 /* NetworkUtil.swift */ = {isa = PBXFileReference; lastKnownFileType = sourcecode.swift; path = NetworkUtil.swift; sourceTree = "<group>"; };
		24C1069A20882BF9007D7E93 /* MineViewController.xib */ = {isa = PBXFileReference; fileEncoding = 4; lastKnownFileType = file.xib; path = MineViewController.xib; sourceTree = "<group>"; };
		24C106A72088373B007D7E93 /* UserEntity.swift */ = {isa = PBXFileReference; lastKnownFileType = sourcecode.swift; path = UserEntity.swift; sourceTree = "<group>"; };
		24C106AE20883875007D7E93 /* HandyJSON.xcodeproj */ = {isa = PBXFileReference; lastKnownFileType = "wrapper.pb-project"; name = HandyJSON.xcodeproj; path = "../../../../plugins/HandyJSON-master/HandyJSON.xcodeproj"; sourceTree = "<group>"; };
		24C152AD208D792D005966C3 /* HomeTableViewController.swift */ = {isa = PBXFileReference; lastKnownFileType = sourcecode.swift; path = HomeTableViewController.swift; sourceTree = "<group>"; };
		24C1ADA220916FFD00D8A283 /* UserAbstractView.swift */ = {isa = PBXFileReference; lastKnownFileType = sourcecode.swift; path = UserAbstractView.swift; sourceTree = "<group>"; };
		24C1ADA42091A34B00D8A283 /* SpoorEntity.swift */ = {isa = PBXFileReference; lastKnownFileType = sourcecode.swift; path = SpoorEntity.swift; sourceTree = "<group>"; };
		24C1ADA72091AD7A00D8A283 /* SooprTopView.swift */ = {isa = PBXFileReference; lastKnownFileType = sourcecode.swift; path = SooprTopView.swift; sourceTree = "<group>"; };
		24C1ADA92091BE6C00D8A283 /* SpoorBottomView.swift */ = {isa = PBXFileReference; lastKnownFileType = sourcecode.swift; path = SpoorBottomView.swift; sourceTree = "<group>"; };
		24C38813208DB20500378114 /* HomeTableViewCell.swift */ = {isa = PBXFileReference; lastKnownFileType = sourcecode.swift; path = HomeTableViewCell.swift; sourceTree = "<group>"; };
		24CBFA312089E109000C29A3 /* FindPwdViewController.swift */ = {isa = PBXFileReference; lastKnownFileType = sourcecode.swift; path = FindPwdViewController.swift; sourceTree = "<group>"; };
		24CBFA322089E109000C29A3 /* FindPwdViewController.xib */ = {isa = PBXFileReference; lastKnownFileType = file.xib; path = FindPwdViewController.xib; sourceTree = "<group>"; };
		24DE11A4208EC9BC00A4902F /* SnapKit.xcodeproj */ = {isa = PBXFileReference; lastKnownFileType = "wrapper.pb-project"; name = SnapKit.xcodeproj; path = "../../../../plugins/SnapKit-develop/SnapKit.xcodeproj"; sourceTree = "<group>"; };
		24EE7C3E2084FFAA00CE23B0 /* WelcomeViewController.swift */ = {isa = PBXFileReference; lastKnownFileType = sourcecode.swift; path = WelcomeViewController.swift; sourceTree = "<group>"; };
		24F0BF742089920700D744C6 /* RegisterViewController.swift */ = {isa = PBXFileReference; lastKnownFileType = sourcecode.swift; path = RegisterViewController.swift; sourceTree = "<group>"; };
		24F0BF752089920700D744C6 /* RegisterViewController.xib */ = {isa = PBXFileReference; lastKnownFileType = file.xib; path = RegisterViewController.xib; sourceTree = "<group>"; };
		24F2D8702085A06B0025E6B5 /* NewVersionViewController.swift */ = {isa = PBXFileReference; lastKnownFileType = sourcecode.swift; path = NewVersionViewController.swift; sourceTree = "<group>"; };
		24F2D8782085A5630025E6B5 /* UIButton.swift */ = {isa = PBXFileReference; fileEncoding = 4; lastKnownFileType = sourcecode.swift; name = UIButton.swift; path = ../../../../../../../../Gitee/Inspection/Inspection/Inspection/Classes/Tools/UIButton.swift; sourceTree = "<group>"; };
		24F2D87A2085A56E0025E6B5 /* UILabel.swift */ = {isa = PBXFileReference; fileEncoding = 4; lastKnownFileType = sourcecode.swift; name = UILabel.swift; path = ../../../../../../../../Gitee/Inspection/Inspection/Inspection/Classes/Tools/Extension/UILabel.swift; sourceTree = "<group>"; };
		24F2D87C2085A5AD0025E6B5 /* Common.swift */ = {isa = PBXFileReference; fileEncoding = 4; lastKnownFileType = sourcecode.swift; name = Common.swift; path = ../../../../../../../Gitee/Inspection/Inspection/Inspection/Classes/Tools/Common.swift; sourceTree = "<group>"; };
		24F2D88E2085E2010025E6B5 /* DiscoverViewController.swift */ = {isa = PBXFileReference; lastKnownFileType = sourcecode.swift; path = DiscoverViewController.swift; sourceTree = "<group>"; };
		24F8A97B209013B200B5F600 /* SpoorAddViewController.swift */ = {isa = PBXFileReference; lastKnownFileType = sourcecode.swift; path = SpoorAddViewController.swift; sourceTree = "<group>"; };
		24F8A97C209013B200B5F600 /* SpoorAddViewController.xib */ = {isa = PBXFileReference; lastKnownFileType = file.xib; path = SpoorAddViewController.xib; sourceTree = "<group>"; };
		24F8A97F209013E800B5F600 /* SpoorTableViewController.swift */ = {isa = PBXFileReference; lastKnownFileType = sourcecode.swift; path = SpoorTableViewController.swift; sourceTree = "<group>"; };
		24F8A987209029A800B5F600 /* NextGrowingTextView.xcodeproj */ = {isa = PBXFileReference; lastKnownFileType = "wrapper.pb-project"; name = NextGrowingTextView.xcodeproj; path = "../../../../plugins/NextGrowingTextView-master/NextGrowingTextView.xcodeproj"; sourceTree = "<group>"; };
/* End PBXFileReference section */

/* Begin PBXFrameworksBuildPhase section */
		2441DBA92084997800AFFCC1 /* Frameworks */ = {
			isa = PBXFrameworksBuildPhase;
			buildActionMask = 2147483647;
			files = (
				24148D9A208F1B500015E374 /* ImageLoader.framework in Frameworks */,
				24C106CE208838DF007D7E93 /* HandyJSON.framework in Frameworks */,
				24F8A99420902A9B00B5F600 /* SnapKit.framework in Frameworks */,
			);
			runOnlyForDeploymentPostprocessing = 0;
		};
/* End PBXFrameworksBuildPhase section */

/* Begin PBXGroup section */
		24148D86208F19310015E374 /* network */ = {
			isa = PBXGroup;
			children = (
				24148D8B208F196E0015E374 /* HttpHelper.swift */,
				24148D87208F196E0015E374 /* HttpHelperDemo.swift */,
				24148D8A208F196E0015E374 /* ImageHelper.swift */,
				24148D88208F196E0015E374 /* JsonHelper.swift */,
				24148D89208F196E0015E374 /* Person.swift */,
			);
			path = network;
			sourceTree = "<group>";
		};
		24148D92208F1B3D0015E374 /* Products */ = {
			isa = PBXGroup;
			children = (
				24148D97208F1B3D0015E374 /* ImageLoader.framework */,
				24148D99208F1B3D0015E374 /* ImageLoaderTests.xctest */,
			);
			name = Products;
			sourceTree = "<group>";
		};
		2426CA1B2086602A00EDC2A0 /* user */ = {
			isa = PBXGroup;
			children = (
				24C1AD9420916C2C00D8A283 /* HeaderView */,
				2426CA202086633100EDC2A0 /* MineViewController.swift */,
				24C1069A20882BF9007D7E93 /* MineViewController.xib */,
			);
			path = user;
			sourceTree = "<group>";
		};
		243CEEDE20874BAD007650FB /* pulgin */ = {
			isa = PBXGroup;
			children = (
				24148D86208F19310015E374 /* network */,
				24BD7372208887BA00C7ECE4 /* Toast */,
				243CEEDF20874BAD007650FB /* Refresh */,
			);
			path = pulgin;
			sourceTree = "<group>";
		};
		243CEEDF20874BAD007650FB /* Refresh */ = {
			isa = PBXGroup;
			children = (
				243CEEE020874BAD007650FB /* demo */,
				243CEEE220874BAD007650FB /* GIFAnimatedImageView.swift */,
				243CEEE320874BAD007650FB /* GifImagesHeaderFooter.swift */,
				243CEEE420874BAD007650FB /* GifHeaderFooter.swift */,
				243CEEE520874BAD007650FB /* GifTextHeaderFooter.swift */,
				243CEEE620874BAD007650FB /* TextHeaderFooter.swift */,
				243CEEE720874BAD007650FB /* AccessoryView.swift */,
				243CEEE820874BAD007650FB /* RefreshView.swift */,
				243CEEE920874BAD007650FB /* UIScrollView+SYRefresh.swift */,
				243CEEEA20874BAD007650FB /* CoreTextHeaderFooter.swift */,
			);
			path = Refresh;
			sourceTree = "<group>";
		};
		243CEEE020874BAD007650FB /* demo */ = {
			isa = PBXGroup;
			children = (
				243CEEE120874BAD007650FB /* MyTableViewController.swift */,
			);
			path = demo;
			sourceTree = "<group>";
		};
		243CEEF720874C94007650FB /* StatusCell */ = {
			isa = PBXGroup;
			children = (
				243CEEF820874C94007650FB /* StatusCellBottomView.swift */,
				243CEEF920874C94007650FB /* StatusCellTopView.swift */,
				243CEEFA20874C94007650FB /* StatusCell.swift */,
			);
			path = StatusCell;
			sourceTree = "<group>";
		};
		2441DBA32084997800AFFCC1 = {
			isa = PBXGroup;
			children = (
				2441DBAE2084997800AFFCC1 /* funny */,
				2441DBAD2084997800AFFCC1 /* Products */,
				24F8A987209029A800B5F600 /* NextGrowingTextView.xcodeproj */,
				24148D91208F1B3D0015E374 /* ImageLoader.xcodeproj */,
				24DE11A4208EC9BC00A4902F /* SnapKit.xcodeproj */,
				24C106AE20883875007D7E93 /* HandyJSON.xcodeproj */,
			);
			sourceTree = "<group>";
		};
		2441DBAD2084997800AFFCC1 /* Products */ = {
			isa = PBXGroup;
			children = (
				2441DBAC2084997800AFFCC1 /* funny.app */,
			);
			name = Products;
			sourceTree = "<group>";
		};
		2441DBAE2084997800AFFCC1 /* funny */ = {
			isa = PBXGroup;
			children = (
				243CEEDE20874BAD007650FB /* pulgin */,
				24EE7C342084FCC900CE23B0 /* Classes */,
				2441DBAF2084997800AFFCC1 /* AppDelegate.swift */,
				2441DBB62084997800AFFCC1 /* Assets.xcassets */,
				2441DBBB2084997800AFFCC1 /* Info.plist */,
			);
			path = funny;
			sourceTree = "<group>";
		};
		24BD7372208887BA00C7ECE4 /* Toast */ = {
			isa = PBXGroup;
			children = (
				24BD738720888D8800C7ECE4 /* Toast.swift */,
				24BD738920888EA800C7ECE4 /* readMe.strings */,
			);
			path = Toast;
			sourceTree = "<group>";
		};
		24BD738B208899B600C7ECE4 /* Network */ = {
			isa = PBXGroup;
			children = (
				24BD738C208899E900C7ECE4 /* NetworkUtil.swift */,
			);
			path = Network;
			sourceTree = "<group>";
		};
		24BD738E20889B8C00C7ECE4 /* user */ = {
			isa = PBXGroup;
			children = (
				24BD736920887BFD00C7ECE4 /* LoginViewModel.swift */,
			);
			path = user;
			sourceTree = "<group>";
		};
		24C106AF20883875007D7E93 /* Products */ = {
			isa = PBXGroup;
			children = (
				24C106BA20883876007D7E93 /* HandyJSON.framework */,
				24C106BC20883876007D7E93 /* HandyJSONDemo.app */,
				24C106BE20883876007D7E93 /* HandyJSON iOS Tests.xctest */,
				24C106C020883876007D7E93 /* HandyJSON.framework */,
				24C106C220883876007D7E93 /* HandyJSON.framework */,
				24C106C420883876007D7E93 /* HandyJSON tvOS Tests.xctest */,
				24C106C620883876007D7E93 /* HandyJSON.framework */,
				24C106C820883876007D7E93 /* HandyJSON macOS Tests.xctest */,
			);
			name = Products;
			sourceTree = "<group>";
		};
		24C152B1208D7B36005966C3 /* homeCell */ = {
			isa = PBXGroup;
			children = (
				24C38813208DB20500378114 /* HomeTableViewCell.swift */,
			);
			path = homeCell;
			sourceTree = "<group>";
		};
		24C1AD9420916C2C00D8A283 /* HeaderView */ = {
			isa = PBXGroup;
			children = (
				24C1ADA220916FFD00D8A283 /* UserAbstractView.swift */,
			);
			path = HeaderView;
			sourceTree = "<group>";
		};
		24C1ADA62091AD5100D8A283 /* spoorItem */ = {
			isa = PBXGroup;
			children = (
				24C1ADA72091AD7A00D8A283 /* SooprTopView.swift */,
				24C1ADA92091BE6C00D8A283 /* SpoorBottomView.swift */,
			);
			path = spoorItem;
			sourceTree = "<group>";
		};
		24DE11A5208EC9BC00A4902F /* Products */ = {
			isa = PBXGroup;
			children = (
				24DE11B1208EC9BC00A4902F /* SnapKit.framework */,
				24DE11B3208EC9BC00A4902F /* SnapKit Tests.xctest */,
			);
			name = Products;
			sourceTree = "<group>";
		};
		24EE7C342084FCC900CE23B0 /* Classes */ = {
			isa = PBXGroup;
			children = (
				24EE7C352084FCFC00CE23B0 /* view */,
				24EE7C372084FD1000CE23B0 /* viewModel */,
				24EE7C362084FD0600CE23B0 /* model */,
				24F2D8772085A4DD0025E6B5 /* tools */,
			);
			path = Classes;
			sourceTree = "<group>";
		};
		24EE7C352084FCFC00CE23B0 /* view */ = {
			isa = PBXGroup;
			children = (
				2426CA1B2086602A00EDC2A0 /* user */,
				24F2D8832085CBB90025E6B5 /* base */,
				24F2D8962085E50A0025E6B5 /* home */,
				24EE7C3B2084FDB300CE23B0 /* discover */,
				24F8A9712090135900B5F600 /* spoor */,
				24EE7C392084FD9A00CE23B0 /* comm */,
				24EE7C382084FD8D00CE23B0 /* main */,
			);
			path = view;
			sourceTree = "<group>";
		};
		24EE7C362084FD0600CE23B0 /* model */ = {
			isa = PBXGroup;
			children = (
				243CEEFE20874D1A007650FB /* Status.swift */,
				24C106A72088373B007D7E93 /* UserEntity.swift */,
				24C1ADA42091A34B00D8A283 /* SpoorEntity.swift */,
			);
			path = model;
			sourceTree = "<group>";
		};
		24EE7C372084FD1000CE23B0 /* viewModel */ = {
			isa = PBXGroup;
			children = (
				24BD738E20889B8C00C7ECE4 /* user */,
				243CEF0020874D54007650FB /* StatusViewModel.swift */,
			);
			path = viewModel;
			sourceTree = "<group>";
		};
		24EE7C382084FD8D00CE23B0 /* main */ = {
			isa = PBXGroup;
			children = (
				243CEEDC20874772007650FB /* MainViewController.swift */,
			);
			path = main;
			sourceTree = "<group>";
		};
		24EE7C392084FD9A00CE23B0 /* comm */ = {
			isa = PBXGroup;
			children = (
				24EE7C3E2084FFAA00CE23B0 /* WelcomeViewController.swift */,
				24F2D8702085A06B0025E6B5 /* NewVersionViewController.swift */,
				2429D5F2208848B10031872F /* LoginViewController.swift */,
				2429D5F3208848B10031872F /* LoginViewController.xib */,
				24F0BF742089920700D744C6 /* RegisterViewController.swift */,
				24F0BF752089920700D744C6 /* RegisterViewController.xib */,
				249B0CE82089C4EB001DD0DF /* DisclaimerViewController.swift */,
				249B0CE92089C4EB001DD0DF /* DisclaimerViewController.xib */,
				24CBFA312089E109000C29A3 /* FindPwdViewController.swift */,
				24CBFA322089E109000C29A3 /* FindPwdViewController.xib */,
			);
			path = comm;
			sourceTree = "<group>";
		};
		24EE7C3B2084FDB300CE23B0 /* discover */ = {
			isa = PBXGroup;
			children = (
				243CEEF720874C94007650FB /* StatusCell */,
				24F2D88E2085E2010025E6B5 /* DiscoverViewController.swift */,
			);
			path = discover;
			sourceTree = "<group>";
		};
		24F2D8722085A2400025E6B5 /* Extension */ = {
			isa = PBXGroup;
			children = (
				24F2D87A2085A56E0025E6B5 /* UILabel.swift */,
				24F2D8782085A5630025E6B5 /* UIButton.swift */,
				24148DA0208F2D570015E374 /* UIImageView.swift */,
			);
			path = Extension;
			sourceTree = "<group>";
		};
		24F2D8772085A4DD0025E6B5 /* tools */ = {
			isa = PBXGroup;
			children = (
				24BD738B208899B600C7ECE4 /* Network */,
				24F2D8722085A2400025E6B5 /* Extension */,
				24F2D87C2085A5AD0025E6B5 /* Common.swift */,
			);
			path = tools;
			sourceTree = "<group>";
		};
		24F2D8832085CBB90025E6B5 /* base */ = {
			isa = PBXGroup;
			children = (
			);
			path = base;
			sourceTree = "<group>";
		};
		24F2D8962085E50A0025E6B5 /* home */ = {
			isa = PBXGroup;
			children = (
				24C152B1208D7B36005966C3 /* homeCell */,
				24C152AD208D792D005966C3 /* HomeTableViewController.swift */,
			);
			path = home;
			sourceTree = "<group>";
		};
		24F8A9712090135900B5F600 /* spoor */ = {
			isa = PBXGroup;
			children = (
				24C1ADA62091AD5100D8A283 /* spoorItem */,
				24F8A97B209013B200B5F600 /* SpoorAddViewController.swift */,
				24F8A97C209013B200B5F600 /* SpoorAddViewController.xib */,
				24F8A97F209013E800B5F600 /* SpoorTableViewController.swift */,
				2494CAB62090561A00FD0125 /* SpoorTableViewCell.swift */,
			);
			path = spoor;
			sourceTree = "<group>";
		};
		24F8A988209029A800B5F600 /* Products */ = {
			isa = PBXGroup;
			children = (
				24F8A98D209029A800B5F600 /* NextGrowingTextView.framework */,
				24F8A98F209029A800B5F600 /* Demo.app */,
			);
			name = Products;
			sourceTree = "<group>";
		};
/* End PBXGroup section */

/* Begin PBXNativeTarget section */
		2441DBAB2084997800AFFCC1 /* funny */ = {
			isa = PBXNativeTarget;
			buildConfigurationList = 2441DBBE2084997800AFFCC1 /* Build configuration list for PBXNativeTarget "funny" */;
			buildPhases = (
				2441DBA82084997800AFFCC1 /* Sources */,
				2441DBA92084997800AFFCC1 /* Frameworks */,
				2441DBAA2084997800AFFCC1 /* Resources */,
				24C106D2208838DF007D7E93 /* Embed Frameworks */,
			);
			buildRules = (
			);
			dependencies = (
				24C106D1208838DF007D7E93 /* PBXTargetDependency */,
				24148D9D208F1B500015E374 /* PBXTargetDependency */,
				24F8A99720902A9B00B5F600 /* PBXTargetDependency */,
			);
			name = funny;
			productName = funny;
			productReference = 2441DBAC2084997800AFFCC1 /* funny.app */;
			productType = "com.apple.product-type.application";
		};
/* End PBXNativeTarget section */

/* Begin PBXProject section */
		2441DBA42084997800AFFCC1 /* Project object */ = {
			isa = PBXProject;
			attributes = {
				LastSwiftUpdateCheck = 0920;
				LastUpgradeCheck = 0920;
				ORGANIZATIONNAME = "贵州中科恒运";
				TargetAttributes = {
					2441DBAB2084997800AFFCC1 = {
						CreatedOnToolsVersion = 9.2;
						ProvisioningStyle = Automatic;
					};
				};
			};
			buildConfigurationList = 2441DBA72084997800AFFCC1 /* Build configuration list for PBXProject "funny" */;
			compatibilityVersion = "Xcode 8.0";
			developmentRegion = en;
			hasScannedForEncodings = 0;
			knownRegions = (
				en,
				Base,
			);
			mainGroup = 2441DBA32084997800AFFCC1;
			productRefGroup = 2441DBAD2084997800AFFCC1 /* Products */;
			projectDirPath = "";
			projectReferences = (
				{
					ProductGroup = 24C106AF20883875007D7E93 /* Products */;
					ProjectRef = 24C106AE20883875007D7E93 /* HandyJSON.xcodeproj */;
				},
				{
					ProductGroup = 24148D92208F1B3D0015E374 /* Products */;
					ProjectRef = 24148D91208F1B3D0015E374 /* ImageLoader.xcodeproj */;
				},
				{
					ProductGroup = 24F8A988209029A800B5F600 /* Products */;
					ProjectRef = 24F8A987209029A800B5F600 /* NextGrowingTextView.xcodeproj */;
				},
				{
					ProductGroup = 24DE11A5208EC9BC00A4902F /* Products */;
					ProjectRef = 24DE11A4208EC9BC00A4902F /* SnapKit.xcodeproj */;
				},
			);
			projectRoot = "";
			targets = (
				2441DBAB2084997800AFFCC1 /* funny */,
			);
		};
/* End PBXProject section */

/* Begin PBXReferenceProxy section */
		24148D97208F1B3D0015E374 /* ImageLoader.framework */ = {
			isa = PBXReferenceProxy;
			fileType = wrapper.framework;
			path = ImageLoader.framework;
			remoteRef = 24148D96208F1B3D0015E374 /* PBXContainerItemProxy */;
			sourceTree = BUILT_PRODUCTS_DIR;
		};
		24148D99208F1B3D0015E374 /* ImageLoaderTests.xctest */ = {
			isa = PBXReferenceProxy;
			fileType = wrapper.cfbundle;
			path = ImageLoaderTests.xctest;
			remoteRef = 24148D98208F1B3D0015E374 /* PBXContainerItemProxy */;
			sourceTree = BUILT_PRODUCTS_DIR;
		};
		24C106BA20883876007D7E93 /* HandyJSON.framework */ = {
			isa = PBXReferenceProxy;
			fileType = wrapper.framework;
			path = HandyJSON.framework;
			remoteRef = 24C106B920883876007D7E93 /* PBXContainerItemProxy */;
			sourceTree = BUILT_PRODUCTS_DIR;
		};
		24C106BC20883876007D7E93 /* HandyJSONDemo.app */ = {
			isa = PBXReferenceProxy;
			fileType = wrapper.application;
			path = HandyJSONDemo.app;
			remoteRef = 24C106BB20883876007D7E93 /* PBXContainerItemProxy */;
			sourceTree = BUILT_PRODUCTS_DIR;
		};
		24C106BE20883876007D7E93 /* HandyJSON iOS Tests.xctest */ = {
			isa = PBXReferenceProxy;
			fileType = wrapper.cfbundle;
			path = "HandyJSON iOS Tests.xctest";
			remoteRef = 24C106BD20883876007D7E93 /* PBXContainerItemProxy */;
			sourceTree = BUILT_PRODUCTS_DIR;
		};
		24C106C020883876007D7E93 /* HandyJSON.framework */ = {
			isa = PBXReferenceProxy;
			fileType = wrapper.framework;
			path = HandyJSON.framework;
			remoteRef = 24C106BF20883876007D7E93 /* PBXContainerItemProxy */;
			sourceTree = BUILT_PRODUCTS_DIR;
		};
		24C106C220883876007D7E93 /* HandyJSON.framework */ = {
			isa = PBXReferenceProxy;
			fileType = wrapper.framework;
			path = HandyJSON.framework;
			remoteRef = 24C106C120883876007D7E93 /* PBXContainerItemProxy */;
			sourceTree = BUILT_PRODUCTS_DIR;
		};
		24C106C420883876007D7E93 /* HandyJSON tvOS Tests.xctest */ = {
			isa = PBXReferenceProxy;
			fileType = wrapper.cfbundle;
			path = "HandyJSON tvOS Tests.xctest";
			remoteRef = 24C106C320883876007D7E93 /* PBXContainerItemProxy */;
			sourceTree = BUILT_PRODUCTS_DIR;
		};
		24C106C620883876007D7E93 /* HandyJSON.framework */ = {
			isa = PBXReferenceProxy;
			fileType = wrapper.framework;
			path = HandyJSON.framework;
			remoteRef = 24C106C520883876007D7E93 /* PBXContainerItemProxy */;
			sourceTree = BUILT_PRODUCTS_DIR;
		};
		24C106C820883876007D7E93 /* HandyJSON macOS Tests.xctest */ = {
			isa = PBXReferenceProxy;
			fileType = wrapper.cfbundle;
			path = "HandyJSON macOS Tests.xctest";
			remoteRef = 24C106C720883876007D7E93 /* PBXContainerItemProxy */;
			sourceTree = BUILT_PRODUCTS_DIR;
		};
		24DE11B1208EC9BC00A4902F /* SnapKit.framework */ = {
			isa = PBXReferenceProxy;
			fileType = wrapper.framework;
			path = SnapKit.framework;
			remoteRef = 24DE11B0208EC9BC00A4902F /* PBXContainerItemProxy */;
			sourceTree = BUILT_PRODUCTS_DIR;
		};
		24DE11B3208EC9BC00A4902F /* SnapKit Tests.xctest */ = {
			isa = PBXReferenceProxy;
			fileType = wrapper.cfbundle;
			path = "SnapKit Tests.xctest";
			remoteRef = 24DE11B2208EC9BC00A4902F /* PBXContainerItemProxy */;
			sourceTree = BUILT_PRODUCTS_DIR;
		};
		24F8A98D209029A800B5F600 /* NextGrowingTextView.framework */ = {
			isa = PBXReferenceProxy;
			fileType = wrapper.framework;
			path = NextGrowingTextView.framework;
			remoteRef = 24F8A98C209029A800B5F600 /* PBXContainerItemProxy */;
			sourceTree = BUILT_PRODUCTS_DIR;
		};
		24F8A98F209029A800B5F600 /* Demo.app */ = {
			isa = PBXReferenceProxy;
			fileType = wrapper.application;
			path = Demo.app;
			remoteRef = 24F8A98E209029A800B5F600 /* PBXContainerItemProxy */;
			sourceTree = BUILT_PRODUCTS_DIR;
		};
/* End PBXReferenceProxy section */

/* Begin PBXResourcesBuildPhase section */
		2441DBAA2084997800AFFCC1 /* Resources */ = {
			isa = PBXResourcesBuildPhase;
			buildActionMask = 2147483647;
			files = (
				2429D5F5208848B10031872F /* LoginViewController.xib in Resources */,
				24F8A97E209013B200B5F600 /* SpoorAddViewController.xib in Resources */,
				2441DBB72084997800AFFCC1 /* Assets.xcassets in Resources */,
				24C1069B20882BF9007D7E93 /* MineViewController.xib in Resources */,
				24BD738A20888EA800C7ECE4 /* readMe.strings in Resources */,
				24CBFA342089E109000C29A3 /* FindPwdViewController.xib in Resources */,
				24F0BF772089920700D744C6 /* RegisterViewController.xib in Resources */,
				249B0CEB2089C4EB001DD0DF /* DisclaimerViewController.xib in Resources */,
			);
			runOnlyForDeploymentPostprocessing = 0;
		};
/* End PBXResourcesBuildPhase section */

/* Begin PBXSourcesBuildPhase section */
		2441DBA82084997800AFFCC1 /* Sources */ = {
			isa = PBXSourcesBuildPhase;
			buildActionMask = 2147483647;
			files = (
				2429D5F4208848B10031872F /* LoginViewController.swift in Sources */,
				24BD738D208899E900C7ECE4 /* NetworkUtil.swift in Sources */,
				24F8A97D209013B200B5F600 /* SpoorAddViewController.swift in Sources */,
				24BD736A20887BFD00C7ECE4 /* LoginViewModel.swift in Sources */,
				24148D8D208F196E0015E374 /* JsonHelper.swift in Sources */,
				243CEEDD20874772007650FB /* MainViewController.swift in Sources */,
				24148DA1208F2D570015E374 /* UIImageView.swift in Sources */,
				24C1ADA52091A34B00D8A283 /* SpoorEntity.swift in Sources */,
				2426CA222086633100EDC2A0 /* MineViewController.swift in Sources */,
				243CEEEC20874BAD007650FB /* GIFAnimatedImageView.swift in Sources */,
				24F2D87B2085A56E0025E6B5 /* UILabel.swift in Sources */,
				24CBFA332089E109000C29A3 /* FindPwdViewController.swift in Sources */,
				24148D90208F196E0015E374 /* HttpHelper.swift in Sources */,
				243CEEEF20874BAD007650FB /* GifTextHeaderFooter.swift in Sources */,
				24148D8E208F196E0015E374 /* Person.swift in Sources */,
				24BD738820888D8800C7ECE4 /* Toast.swift in Sources */,
				24F2D8712085A06B0025E6B5 /* NewVersionViewController.swift in Sources */,
				243CEEF220874BAD007650FB /* RefreshView.swift in Sources */,
				24C152AF208D792D005966C3 /* HomeTableViewController.swift in Sources */,
				243CEF0120874D54007650FB /* StatusViewModel.swift in Sources */,
				243CEEF120874BAD007650FB /* AccessoryView.swift in Sources */,
				243CEEF020874BAD007650FB /* TextHeaderFooter.swift in Sources */,
				24C38815208DB20500378114 /* HomeTableViewCell.swift in Sources */,
				243CEEFF20874D1A007650FB /* Status.swift in Sources */,
				24C1ADA320916FFD00D8A283 /* UserAbstractView.swift in Sources */,
				24C106A82088373B007D7E93 /* UserEntity.swift in Sources */,
				243CEEF420874BAD007650FB /* CoreTextHeaderFooter.swift in Sources */,
				24EE7C3F2084FFAA00CE23B0 /* WelcomeViewController.swift in Sources */,
				24F2D8792085A5630025E6B5 /* UIButton.swift in Sources */,
				243CEEFB20874C94007650FB /* StatusCellBottomView.swift in Sources */,
				24C1ADA82091AD7A00D8A283 /* SooprTopView.swift in Sources */,
				24C1ADAA2091BE6C00D8A283 /* SpoorBottomView.swift in Sources */,
				243CEEF320874BAD007650FB /* UIScrollView+SYRefresh.swift in Sources */,
				243CEEED20874BAD007650FB /* GifImagesHeaderFooter.swift in Sources */,
				24148D8C208F196E0015E374 /* HttpHelperDemo.swift in Sources */,
				243CEEEB20874BAD007650FB /* MyTableViewController.swift in Sources */,
				24F2D87D2085A5AD0025E6B5 /* Common.swift in Sources */,
				2441DBB02084997800AFFCC1 /* AppDelegate.swift in Sources */,
				243CEEFD20874C94007650FB /* StatusCell.swift in Sources */,
				24F0BF762089920700D744C6 /* RegisterViewController.swift in Sources */,
				2494CAB82090561A00FD0125 /* SpoorTableViewCell.swift in Sources */,
				243CEEFC20874C94007650FB /* StatusCellTopView.swift in Sources */,
				243CEEEE20874BAD007650FB /* GifHeaderFooter.swift in Sources */,
				24F2D8902085E2010025E6B5 /* DiscoverViewController.swift in Sources */,
				249B0CEA2089C4EB001DD0DF /* DisclaimerViewController.swift in Sources */,
				24148D8F208F196E0015E374 /* ImageHelper.swift in Sources */,
				24F8A981209013E800B5F600 /* SpoorTableViewController.swift in Sources */,
			);
			runOnlyForDeploymentPostprocessing = 0;
		};
/* End PBXSourcesBuildPhase section */

/* Begin PBXTargetDependency section */
		24148D9D208F1B500015E374 /* PBXTargetDependency */ = {
			isa = PBXTargetDependency;
			name = ImageLoader;
			targetProxy = 24148D9C208F1B500015E374 /* PBXContainerItemProxy */;
		};
		24C106D1208838DF007D7E93 /* PBXTargetDependency */ = {
			isa = PBXTargetDependency;
			name = "HandyJSON iOS";
			targetProxy = 24C106D0208838DF007D7E93 /* PBXContainerItemProxy */;
		};
		24F8A99720902A9B00B5F600 /* PBXTargetDependency */ = {
			isa = PBXTargetDependency;
			name = SnapKit;
			targetProxy = 24F8A99620902A9B00B5F600 /* PBXContainerItemProxy */;
		};
/* End PBXTargetDependency section */

/* Begin XCBuildConfiguration section */
		2441DBBC2084997800AFFCC1 /* Debug */ = {
			isa = XCBuildConfiguration;
			buildSettings = {
				ALWAYS_SEARCH_USER_PATHS = NO;
				CLANG_ANALYZER_NONNULL = YES;
				CLANG_ANALYZER_NUMBER_OBJECT_CONVERSION = YES_AGGRESSIVE;
				CLANG_CXX_LANGUAGE_STANDARD = "gnu++14";
				CLANG_CXX_LIBRARY = "libc++";
				CLANG_ENABLE_MODULES = YES;
				CLANG_ENABLE_OBJC_ARC = YES;
				CLANG_WARN_BLOCK_CAPTURE_AUTORELEASING = YES;
				CLANG_WARN_BOOL_CONVERSION = YES;
				CLANG_WARN_COMMA = YES;
				CLANG_WARN_CONSTANT_CONVERSION = YES;
				CLANG_WARN_DIRECT_OBJC_ISA_USAGE = YES_ERROR;
				CLANG_WARN_DOCUMENTATION_COMMENTS = YES;
				CLANG_WARN_EMPTY_BODY = YES;
				CLANG_WARN_ENUM_CONVERSION = YES;
				CLANG_WARN_INFINITE_RECURSION = YES;
				CLANG_WARN_INT_CONVERSION = YES;
				CLANG_WARN_NON_LITERAL_NULL_CONVERSION = YES;
				CLANG_WARN_OBJC_LITERAL_CONVERSION = YES;
				CLANG_WARN_OBJC_ROOT_CLASS = YES_ERROR;
				CLANG_WARN_RANGE_LOOP_ANALYSIS = YES;
				CLANG_WARN_STRICT_PROTOTYPES = YES;
				CLANG_WARN_SUSPICIOUS_MOVE = YES;
				CLANG_WARN_UNGUARDED_AVAILABILITY = YES_AGGRESSIVE;
				CLANG_WARN_UNREACHABLE_CODE = YES;
				CLANG_WARN__DUPLICATE_METHOD_MATCH = YES;
				CODE_SIGN_IDENTITY = "iPhone Developer";
				COPY_PHASE_STRIP = NO;
				DEBUG_INFORMATION_FORMAT = dwarf;
				ENABLE_STRICT_OBJC_MSGSEND = YES;
				ENABLE_TESTABILITY = YES;
				GCC_C_LANGUAGE_STANDARD = gnu11;
				GCC_DYNAMIC_NO_PIC = NO;
				GCC_NO_COMMON_BLOCKS = YES;
				GCC_OPTIMIZATION_LEVEL = 0;
				GCC_PREPROCESSOR_DEFINITIONS = (
					"DEBUG=1",
					"$(inherited)",
				);
				GCC_WARN_64_TO_32_BIT_CONVERSION = YES;
				GCC_WARN_ABOUT_RETURN_TYPE = YES_ERROR;
				GCC_WARN_UNDECLARED_SELECTOR = YES;
				GCC_WARN_UNINITIALIZED_AUTOS = YES_AGGRESSIVE;
				GCC_WARN_UNUSED_FUNCTION = YES;
				GCC_WARN_UNUSED_VARIABLE = YES;
				IPHONEOS_DEPLOYMENT_TARGET = 11.2;
				MTL_ENABLE_DEBUG_INFO = YES;
				ONLY_ACTIVE_ARCH = YES;
				SDKROOT = iphoneos;
				SWIFT_ACTIVE_COMPILATION_CONDITIONS = DEBUG;
				SWIFT_OPTIMIZATION_LEVEL = "-Onone";
			};
			name = Debug;
		};
		2441DBBD2084997800AFFCC1 /* Release */ = {
			isa = XCBuildConfiguration;
			buildSettings = {
				ALWAYS_SEARCH_USER_PATHS = NO;
				CLANG_ANALYZER_NONNULL = YES;
				CLANG_ANALYZER_NUMBER_OBJECT_CONVERSION = YES_AGGRESSIVE;
				CLANG_CXX_LANGUAGE_STANDARD = "gnu++14";
				CLANG_CXX_LIBRARY = "libc++";
				CLANG_ENABLE_MODULES = YES;
				CLANG_ENABLE_OBJC_ARC = YES;
				CLANG_WARN_BLOCK_CAPTURE_AUTORELEASING = YES;
				CLANG_WARN_BOOL_CONVERSION = YES;
				CLANG_WARN_COMMA = YES;
				CLANG_WARN_CONSTANT_CONVERSION = YES;
				CLANG_WARN_DIRECT_OBJC_ISA_USAGE = YES_ERROR;
				CLANG_WARN_DOCUMENTATION_COMMENTS = YES;
				CLANG_WARN_EMPTY_BODY = YES;
				CLANG_WARN_ENUM_CONVERSION = YES;
				CLANG_WARN_INFINITE_RECURSION = YES;
				CLANG_WARN_INT_CONVERSION = YES;
				CLANG_WARN_NON_LITERAL_NULL_CONVERSION = YES;
				CLANG_WARN_OBJC_LITERAL_CONVERSION = YES;
				CLANG_WARN_OBJC_ROOT_CLASS = YES_ERROR;
				CLANG_WARN_RANGE_LOOP_ANALYSIS = YES;
				CLANG_WARN_STRICT_PROTOTYPES = YES;
				CLANG_WARN_SUSPICIOUS_MOVE = YES;
				CLANG_WARN_UNGUARDED_AVAILABILITY = YES_AGGRESSIVE;
				CLANG_WARN_UNREACHABLE_CODE = YES;
				CLANG_WARN__DUPLICATE_METHOD_MATCH = YES;
				CODE_SIGN_IDENTITY = "iPhone Developer";
				COPY_PHASE_STRIP = NO;
				DEBUG_INFORMATION_FORMAT = "dwarf-with-dsym";
				ENABLE_NS_ASSERTIONS = NO;
				ENABLE_STRICT_OBJC_MSGSEND = YES;
				GCC_C_LANGUAGE_STANDARD = gnu11;
				GCC_NO_COMMON_BLOCKS = YES;
				GCC_WARN_64_TO_32_BIT_CONVERSION = YES;
				GCC_WARN_ABOUT_RETURN_TYPE = YES_ERROR;
				GCC_WARN_UNDECLARED_SELECTOR = YES;
				GCC_WARN_UNINITIALIZED_AUTOS = YES_AGGRESSIVE;
				GCC_WARN_UNUSED_FUNCTION = YES;
				GCC_WARN_UNUSED_VARIABLE = YES;
				IPHONEOS_DEPLOYMENT_TARGET = 11.2;
				MTL_ENABLE_DEBUG_INFO = NO;
				SDKROOT = iphoneos;
				SWIFT_OPTIMIZATION_LEVEL = "-Owholemodule";
				VALIDATE_PRODUCT = YES;
			};
			name = Release;
		};
		2441DBBF2084997800AFFCC1 /* Debug */ = {
			isa = XCBuildConfiguration;
			buildSettings = {
				ALWAYS_EMBED_SWIFT_STANDARD_LIBRARIES = YES;
				ASSETCATALOG_COMPILER_APPICON_NAME = AppIcon;
				ASSETCATALOG_COMPILER_LAUNCHIMAGE_NAME = LaunchImage;
				CODE_SIGN_STYLE = Automatic;
				DEVELOPMENT_TEAM = MW2SCWGAW2;
				INFOPLIST_FILE = funny/Info.plist;
				LD_RUNPATH_SEARCH_PATHS = "$(inherited) @executable_path/Frameworks";
				PRODUCT_BUNDLE_IDENTIFIER = com.sinothk.funny;
				PRODUCT_NAME = "$(TARGET_NAME)";
				SWIFT_VERSION = 4.0;
				TARGETED_DEVICE_FAMILY = 1;
			};
			name = Debug;
		};
		2441DBC02084997800AFFCC1 /* Release */ = {
			isa = XCBuildConfiguration;
			buildSettings = {
				ALWAYS_EMBED_SWIFT_STANDARD_LIBRARIES = YES;
				ASSETCATALOG_COMPILER_APPICON_NAME = AppIcon;
				ASSETCATALOG_COMPILER_LAUNCHIMAGE_NAME = LaunchImage;
				CODE_SIGN_STYLE = Automatic;
				DEVELOPMENT_TEAM = MW2SCWGAW2;
				INFOPLIST_FILE = funny/Info.plist;
				LD_RUNPATH_SEARCH_PATHS = "$(inherited) @executable_path/Frameworks";
				PRODUCT_BUNDLE_IDENTIFIER = com.sinothk.funny;
				PRODUCT_NAME = "$(TARGET_NAME)";
				SWIFT_VERSION = 4.0;
				TARGETED_DEVICE_FAMILY = 1;
			};
			name = Release;
		};
/* End XCBuildConfiguration section */

/* Begin XCConfigurationList section */
		2441DBA72084997800AFFCC1 /* Build configuration list for PBXProject "funny" */ = {
			isa = XCConfigurationList;
			buildConfigurations = (
				2441DBBC2084997800AFFCC1 /* Debug */,
				2441DBBD2084997800AFFCC1 /* Release */,
			);
			defaultConfigurationIsVisible = 0;
			defaultConfigurationName = Release;
		};
		2441DBBE2084997800AFFCC1 /* Build configuration list for PBXNativeTarget "funny" */ = {
			isa = XCConfigurationList;
			buildConfigurations = (
				2441DBBF2084997800AFFCC1 /* Debug */,
				2441DBC02084997800AFFCC1 /* Release */,
			);
			defaultConfigurationIsVisible = 0;
			defaultConfigurationName = Release;
		};
/* End XCConfigurationList section */
	};
	rootObject = 2441DBA42084997800AFFCC1 /* Project object */;
}
